{
  "name": "THREEJS",
  "lockfileVersion": 2,
  "requires": true,
  "packages": {
    "": {
      "dependencies": {
        "three": "^0.128.0"
      }
    },
    "node_modules/three": {
      "version": "0.128.0",
      "license": "MIT"
    }
  },
  "dependencies": {
    "three": {
      "version": "0.128.0"
    }
  }
}
